
Microsoft Visual Studio Solution File, Format Version 12.00
# Visual Studio 15
VisualStudioVersion = 15.0.28307.539
MinimumVisualStudioVersion = 10.0.40219.1
Project("{9A19103F-16F7-4668-BE54-9A1E7A4F7556}") = "PhotobookWebAPI", "PhotobookWebAPI\PhotobookWebAPI.csproj", "{0398BA4E-BE1B-4447-A182-CAD3A91B2D21}"
EndProject
Project("{9A19103F-16F7-4668-BE54-9A1E7A4F7556}") = "WebAPIUnitTest", "WebAPIUnitTest\WebAPIUnitTest.csproj", "{F709B77D-FCC9-4F28-AF5E-697692C9B0C4}"
EndProject
Global
	GlobalSection(SolutionConfigurationPlatforms) = preSolution
		Debug|Any CPU = Debug|Any CPU
		Release|Any CPU = Release|Any CPU
	EndGlobalSection
	GlobalSection(ProjectConfigurationPlatforms) = postSolution
		{0398BA4E-BE1B-4447-A182-CAD3A91B2D21}.Debug|Any CPU.ActiveCfg = Debug|Any CPU
		{0398BA4E-BE1B-4447-A182-CAD3A91B2D21}.Debug|Any CPU.Build.0 = Debug|Any CPU
		{0398BA4E-BE1B-4447-A182-CAD3A91B2D21}.Release|Any CPU.ActiveCfg = Release|Any CPU
		{0398BA4E-BE1B-4447-A182-CAD3A91B2D21}.Release|Any CPU.Build.0 = Release|Any CPU
		{F709B77D-FCC9-4F28-AF5E-697692C9B0C4}.Debug|Any CPU.ActiveCfg = Debug|Any CPU
		{F709B77D-FCC9-4F28-AF5E-697692C9B0C4}.Debug|Any CPU.Build.0 = Debug|Any CPU
		{F709B77D-FCC9-4F28-AF5E-697692C9B0C4}.Release|Any CPU.ActiveCfg = Release|Any CPU
		{F709B77D-FCC9-4F28-AF5E-697692C9B0C4}.Release|Any CPU.Build.0 = Release|Any CPU
	EndGlobalSection
	GlobalSection(SolutionProperties) = preSolution
		HideSolutionNode = FALSE
	EndGlobalSection
	GlobalSection(ExtensibilityGlobals) = postSolution
		SolutionGuid = {A0AAD350-B381-4E80-A86B-F00B206DF0EA}
	EndGlobalSection
EndGlobal
