
Microsoft Visual Studio Solution File, Format Version 12.00
# Visual Studio 15
VisualStudioVersion = 15.0.28307.539
MinimumVisualStudioVersion = 10.0.40219.1
Project("{9A19103F-16F7-4668-BE54-9A1E7A4F7556}") = "PhotobookWebAPI", "PhotobookWebAPI\PhotobookWebAPI.csproj", "{0398BA4E-BE1B-4447-A182-CAD3A91B2D21}"
EndProject
Project("{FAE04EC0-301F-11D3-BF4B-00C04F79EFBC}") = "XWebAPITests", "XWebAPITests\XWebAPITests.csproj", "{CAAB41E1-24BF-4C7B-B6E9-60B17657A02E}"
EndProject
Global
	GlobalSection(SolutionConfigurationPlatforms) = preSolution
		Debug|Any CPU = Debug|Any CPU
		Release|Any CPU = Release|Any CPU
	EndGlobalSection
	GlobalSection(ProjectConfigurationPlatforms) = postSolution
		{0398BA4E-BE1B-4447-A182-CAD3A91B2D21}.Debug|Any CPU.ActiveCfg = Debug|Any CPU
		{0398BA4E-BE1B-4447-A182-CAD3A91B2D21}.Debug|Any CPU.Build.0 = Debug|Any CPU
		{0398BA4E-BE1B-4447-A182-CAD3A91B2D21}.Release|Any CPU.ActiveCfg = Release|Any CPU
		{0398BA4E-BE1B-4447-A182-CAD3A91B2D21}.Release|Any CPU.Build.0 = Release|Any CPU
		{CAAB41E1-24BF-4C7B-B6E9-60B17657A02E}.Debug|Any CPU.ActiveCfg = Debug|Any CPU
		{CAAB41E1-24BF-4C7B-B6E9-60B17657A02E}.Debug|Any CPU.Build.0 = Debug|Any CPU
		{CAAB41E1-24BF-4C7B-B6E9-60B17657A02E}.Release|Any CPU.ActiveCfg = Release|Any CPU
		{CAAB41E1-24BF-4C7B-B6E9-60B17657A02E}.Release|Any CPU.Build.0 = Release|Any CPU
	EndGlobalSection
	GlobalSection(SolutionProperties) = preSolution
		HideSolutionNode = FALSE
	EndGlobalSection
	GlobalSection(ExtensibilityGlobals) = postSolution
		SolutionGuid = {A0AAD350-B381-4E80-A86B-F00B206DF0EA}
	EndGlobalSection
EndGlobal
